{
  "name": "jquery_plugin2",
  "version": "1.0.0",
  "lockfileVersion": 2,
  "requires": true,
  "packages": {
    "": {
      "name": "jquery_plugin2",
      "version": "1.0.0",
      "license": "ISC",
      "dependencies": {
        "jquery": "^3.6.0",
        "link": "^1.5.0"
      }
    },
    "node_modules/jquery": {
      "version": "3.6.0",
      "resolved": "https://registry.npmjs.org/jquery/-/jquery-3.6.0.tgz",
      "integrity": "sha512-JVzAR/AjBvVt2BmYhxRCSYysDsPcssdmTFnzyLEts9qNwmjmu4JTAMYubEfwVOSwpQ1I1sKKFcxhZCI2buerfw=="
    },
    "node_modules/link": {
      "version": "1.5.0",
      "resolved": "https://registry.npmjs.org/link/-/link-1.5.0.tgz",
      "integrity": "sha512-+xsWpo98a99oAsrVGQlkFqQE+t/Qs6G+QJP1hzUdjWk6nuYG//E2u3YH8pYd3VG8CNpUoKXgVgk2HeQvPRsrFA==",
      "bin": {
        "link": "dist/cli.js"
      },
      "funding": {
        "url": "https://github.com/privatenumber/link?sponsor=1"
      }
    }
  },
  "dependencies": {
    "jquery": {
      "version": "3.6.0",
      "resolved": "https://registry.npmjs.org/jquery/-/jquery-3.6.0.tgz",
      "integrity": "sha512-JVzAR/AjBvVt2BmYhxRCSYysDsPcssdmTFnzyLEts9qNwmjmu4JTAMYubEfwVOSwpQ1I1sKKFcxhZCI2buerfw=="
    },
    "link": {
      "version": "1.5.0",
      "resolved": "https://registry.npmjs.org/link/-/link-1.5.0.tgz",
      "integrity": "sha512-+xsWpo98a99oAsrVGQlkFqQE+t/Qs6G+QJP1hzUdjWk6nuYG//E2u3YH8pYd3VG8CNpUoKXgVgk2HeQvPRsrFA=="
    }
  }
}
