{
  "name": "@jquery_plugin2",
  "lockfileVersion": 2,
  "requires": true,
  "packages": {
    "": {
      "dependencies": {
        "bootstrap": "^5.2.0-beta1",
        "jquery": "^3.6.0",
        "link": "^1.5.0"
      }
    },
    "node_modules/@popperjs/core": {
      "version": "2.11.5",
      "resolved": "https://registry.npmjs.org/@popperjs/core/-/core-2.11.5.tgz",
      "integrity": "sha512-9X2obfABZuDVLCgPK9aX0a/x4jaOEweTTWE2+9sr0Qqqevj2Uv5XorvusThmc9XGYpS9yI+fhh8RTafBtGposw==",
      "peer": true,
      "funding": {
        "type": "opencollective",
        "url": "https://opencollective.com/popperjs"
      }
    },
    "node_modules/bootstrap": {
      "version": "5.2.0-beta1",
      "resolved": "https://registry.npmjs.org/bootstrap/-/bootstrap-5.2.0-beta1.tgz",
      "integrity": "sha512-6qbgs177WZEFY4SLQUq3tEHayYG80nfDmyTpdKi0MJqRMdS+HAoq24+YKfx6wf+nHY0rx8zrh477J1lFu4WzOA==",
      "funding": [
        {
          "type": "github",
          "url": "https://github.com/sponsors/twbs"
        },
        {
          "type": "opencollective",
          "url": "https://opencollective.com/bootstrap"
        }
      ],
      "peerDependencies": {
        "@popperjs/core": "^2.11.5"
      }
    },
    "node_modules/jquery": {
      "version": "3.6.0",
      "resolved": "https://registry.npmjs.org/jquery/-/jquery-3.6.0.tgz",
      "integrity": "sha512-JVzAR/AjBvVt2BmYhxRCSYysDsPcssdmTFnzyLEts9qNwmjmu4JTAMYubEfwVOSwpQ1I1sKKFcxhZCI2buerfw=="
    },
    "node_modules/link": {
      "version": "1.5.0",
      "resolved": "https://registry.npmjs.org/link/-/link-1.5.0.tgz",
      "integrity": "sha512-+xsWpo98a99oAsrVGQlkFqQE+t/Qs6G+QJP1hzUdjWk6nuYG//E2u3YH8pYd3VG8CNpUoKXgVgk2HeQvPRsrFA==",
      "bin": {
        "link": "dist/cli.js"
      },
      "funding": {
        "url": "https://github.com/privatenumber/link?sponsor=1"
      }
    }
  },
  "dependencies": {
    "@popperjs/core": {
      "version": "2.11.5",
      "resolved": "https://registry.npmjs.org/@popperjs/core/-/core-2.11.5.tgz",
      "integrity": "sha512-9X2obfABZuDVLCgPK9aX0a/x4jaOEweTTWE2+9sr0Qqqevj2Uv5XorvusThmc9XGYpS9yI+fhh8RTafBtGposw==",
      "peer": true
    },
    "bootstrap": {
      "version": "5.2.0-beta1",
      "resolved": "https://registry.npmjs.org/bootstrap/-/bootstrap-5.2.0-beta1.tgz",
      "integrity": "sha512-6qbgs177WZEFY4SLQUq3tEHayYG80nfDmyTpdKi0MJqRMdS+HAoq24+YKfx6wf+nHY0rx8zrh477J1lFu4WzOA==",
      "requires": {}
    },
    "jquery": {
      "version": "3.6.0",
      "resolved": "https://registry.npmjs.org/jquery/-/jquery-3.6.0.tgz",
      "integrity": "sha512-JVzAR/AjBvVt2BmYhxRCSYysDsPcssdmTFnzyLEts9qNwmjmu4JTAMYubEfwVOSwpQ1I1sKKFcxhZCI2buerfw=="
    },
    "link": {
      "version": "1.5.0",
      "resolved": "https://registry.npmjs.org/link/-/link-1.5.0.tgz",
      "integrity": "sha512-+xsWpo98a99oAsrVGQlkFqQE+t/Qs6G+QJP1hzUdjWk6nuYG//E2u3YH8pYd3VG8CNpUoKXgVgk2HeQvPRsrFA=="
    }
  }
}
